[[package]]
category = "main"
description = "Strict separation of settings from code."
name = "python-decouple"
optional = false
python-versions = "*"
version = "3.3"

[metadata]
content-hash = "379e69aff4e538f9ba525ee8e3cf9e165b425b639cfeb5802ef4a194cbf940b4"
python-versions = "^3.7"

[metadata.hashes]
python-decouple = ["55c546b85b0c47a15a47a4312d451a437f7344a9be3e001660bccd93b637de95"]
